Microsoft Visual Studio Solution File, Format Version 12.00
# Visual Studio Version 17
VisualStudioVersion = 17.5.2.0
MinimumVisualStudioVersion = 10.0.40219.1
Project("{FAE04EC0-301F-11D3-BF4B-00C04F79EFBC}") = "TwitchCustomers", "TwitchCustomers.csproj", "{96563F9B-423B-92A3-948F-633FECA0C84F}"
EndProject
Global
	GlobalSection(SolutionConfigurationPlatforms) = preSolution
		Debug|Any CPU = Debug|Any CPU
		Release|Any CPU = Release|Any CPU
	EndGlobalSection
	GlobalSection(ProjectConfigurationPlatforms) = postSolution
		{96563F9B-423B-92A3-948F-633FECA0C84F}.Debug|Any CPU.ActiveCfg = Debug|Any CPU
		{96563F9B-423B-92A3-948F-633FECA0C84F}.Debug|Any CPU.Build.0 = Debug|Any CPU
		{96563F9B-423B-92A3-948F-633FECA0C84F}.Release|Any CPU.ActiveCfg = Release|Any CPU
		{96563F9B-423B-92A3-948F-633FECA0C84F}.Release|Any CPU.Build.0 = Release|Any CPU
	EndGlobalSection
	GlobalSection(SolutionProperties) = preSolution
		HideSolutionNode = FALSE
	EndGlobalSection
	GlobalSection(ExtensibilityGlobals) = postSolution
		SolutionGuid = {2EB92998-CF22-45C5-BDCA-FFD17917A558}
	EndGlobalSection
EndGlobal
